# This file is automatically @generated by Cargo.
# It is not intended for manual editing.
version = 3

[[package]]
name = "atomic-polyfill"
version = "1.0.0"
dependencies = [
 "critical-section",
]

[[package]]
name = "critical-section"
version = "1.0.0"
source = "registry+https://github.com/rust-lang/crates.io-index"
checksum = "ce181dda5a65c00fcbce2b9d44ad9be001202a54fb321865ed273ac39aa8ccbe"
